// !$*UTF8*$!
{
	archiveVersion = 1;
	classes = {
	};
	objectVersion = 48;
	objects = {

/* Begin PBXBuildFile section */
		D79915312356C2A06AF32439 /* Pods_Reminders.framework in Frameworks */ = {isa = PBXBuildFile; fileRef = 32A4AF958DD54562C7F03060 /* Pods_Reminders.framework */; };
		E4173D85206A5BE3005733E9 /* AppDelegate.swift in Sources */ = {isa = PBXBuildFile; fileRef = E4173D84206A5BE3005733E9 /* AppDelegate.swift */; };
		E4173D87206A5BE3005733E9 /* RemindersViewController.swift in Sources */ = {isa = PBXBuildFile; fileRef = E4173D86206A5BE3005733E9 /* RemindersViewController.swift */; };
		E4173D8A206A5BE3005733E9 /* Main.storyboard in Resources */ = {isa = PBXBuildFile; fileRef = E4173D88206A5BE3005733E9 /* Main.storyboard */; };
		E4173D8C206A5BE3005733E9 /* Assets.xcassets in Resources */ = {isa = PBXBuildFile; fileRef = E4173D8B206A5BE3005733E9 /* Assets.xcassets */; };
		E4173D8F206A5BE3005733E9 /* LaunchScreen.storyboard in Resources */ = {isa = PBXBuildFile; fileRef = E4173D8D206A5BE3005733E9 /* LaunchScreen.storyboard */; };
		E436E6C2206A5FE8009E1D25 /* State.swift in Sources */ = {isa = PBXBuildFile; fileRef = E436E6C1206A5FE8009E1D25 /* State.swift */; };
		E436E6C5206A605B009E1D25 /* Reminder.swift in Sources */ = {isa = PBXBuildFile; fileRef = E436E6C4206A605B009E1D25 /* Reminder.swift */; };
		E436E6C7206A60E0009E1D25 /* Actions.swift in Sources */ = {isa = PBXBuildFile; fileRef = E436E6C6206A60E0009E1D25 /* Actions.swift */; };
		E436E6C9206A616E009E1D25 /* Reducers.swift in Sources */ = {isa = PBXBuildFile; fileRef = E436E6C8206A616E009E1D25 /* Reducers.swift */; };
		E436E6CE206A66EF009E1D25 /* ReminderCell.swift in Sources */ = {isa = PBXBuildFile; fileRef = E436E6CD206A66EF009E1D25 /* ReminderCell.swift */; };
/* End PBXBuildFile section */

/* Begin PBXFileReference section */
		1FE8C45E2FCF6FA92B176D37 /* Pods-Reminders.release.xcconfig */ = {isa = PBXFileReference; includeInIndex = 1; lastKnownFileType = text.xcconfig; name = "Pods-Reminders.release.xcconfig"; path = "Pods/Target Support Files/Pods-Reminders/Pods-Reminders.release.xcconfig"; sourceTree = "<group>"; };
		32A4AF958DD54562C7F03060 /* Pods_Reminders.framework */ = {isa = PBXFileReference; explicitFileType = wrapper.framework; includeInIndex = 0; path = Pods_Reminders.framework; sourceTree = BUILT_PRODUCTS_DIR; };
		CB92A4E388FC293DA218D965 /* Pods-Reminders.debug.xcconfig */ = {isa = PBXFileReference; includeInIndex = 1; lastKnownFileType = text.xcconfig; name = "Pods-Reminders.debug.xcconfig"; path = "Pods/Target Support Files/Pods-Reminders/Pods-Reminders.debug.xcconfig"; sourceTree = "<group>"; };
		E4173D81206A5BE3005733E9 /* Reminders.app */ = {isa = PBXFileReference; explicitFileType = wrapper.application; includeInIndex = 0; path = Reminders.app; sourceTree = BUILT_PRODUCTS_DIR; };
		E4173D84206A5BE3005733E9 /* AppDelegate.swift */ = {isa = PBXFileReference; lastKnownFileType = sourcecode.swift; path = AppDelegate.swift; sourceTree = "<group>"; };
		E4173D86206A5BE3005733E9 /* RemindersViewController.swift */ = {isa = PBXFileReference; lastKnownFileType = sourcecode.swift; path = RemindersViewController.swift; sourceTree = "<group>"; };
		E4173D89206A5BE3005733E9 /* Base */ = {isa = PBXFileReference; lastKnownFileType = file.storyboard; name = Base; path = Base.lproj/Main.storyboard; sourceTree = "<group>"; };
		E4173D8B206A5BE3005733E9 /* Assets.xcassets */ = {isa = PBXFileReference; lastKnownFileType = folder.assetcatalog; path = Assets.xcassets; sourceTree = "<group>"; };
		E4173D8E206A5BE3005733E9 /* Base */ = {isa = PBXFileReference; lastKnownFileType = file.storyboard; name = Base; path = Base.lproj/LaunchScreen.storyboard; sourceTree = "<group>"; };
		E4173D90206A5BE3005733E9 /* Info.plist */ = {isa = PBXFileReference; lastKnownFileType = text.plist.xml; path = Info.plist; sourceTree = "<group>"; };
		E436E6C1206A5FE8009E1D25 /* State.swift */ = {isa = PBXFileReference; lastKnownFileType = sourcecode.swift; path = State.swift; sourceTree = "<group>"; };
		E436E6C4206A605B009E1D25 /* Reminder.swift */ = {isa = PBXFileReference; lastKnownFileType = sourcecode.swift; path = Reminder.swift; sourceTree = "<group>"; };
		E436E6C6206A60E0009E1D25 /* Actions.swift */ = {isa = PBXFileReference; lastKnownFileType = sourcecode.swift; path = Actions.swift; sourceTree = "<group>"; };
		E436E6C8206A616E009E1D25 /* Reducers.swift */ = {isa = PBXFileReference; lastKnownFileType = sourcecode.swift; path = Reducers.swift; sourceTree = "<group>"; };
		E436E6CD206A66EF009E1D25 /* ReminderCell.swift */ = {isa = PBXFileReference; lastKnownFileType = sourcecode.swift; path = ReminderCell.swift; sourceTree = "<group>"; };
/* End PBXFileReference section */

/* Begin PBXFrameworksBuildPhase section */
		E4173D7E206A5BE3005733E9 /* Frameworks */ = {
			isa = PBXFrameworksBuildPhase;
			buildActionMask = 2147483647;
			files = (
				D79915312356C2A06AF32439 /* Pods_Reminders.framework in Frameworks */,
			);
			runOnlyForDeploymentPostprocessing = 0;
		};
/* End PBXFrameworksBuildPhase section */

/* Begin PBXGroup section */
		58B9AAFF673D52F77F005421 /* Pods */ = {
			isa = PBXGroup;
			children = (
				CB92A4E388FC293DA218D965 /* Pods-Reminders.debug.xcconfig */,
				1FE8C45E2FCF6FA92B176D37 /* Pods-Reminders.release.xcconfig */,
			);
			name = Pods;
			sourceTree = "<group>";
		};
		8B6F4B5AABA9CC451CE1A6E9 /* Frameworks */ = {
			isa = PBXGroup;
			children = (
				32A4AF958DD54562C7F03060 /* Pods_Reminders.framework */,
			);
			name = Frameworks;
			sourceTree = "<group>";
		};
		E4173D78206A5BE3005733E9 = {
			isa = PBXGroup;
			children = (
				E4173D83206A5BE3005733E9 /* Reminders */,
				E4173D82206A5BE3005733E9 /* Products */,
				58B9AAFF673D52F77F005421 /* Pods */,
				8B6F4B5AABA9CC451CE1A6E9 /* Frameworks */,
			);
			sourceTree = "<group>";
		};
		E4173D82206A5BE3005733E9 /* Products */ = {
			isa = PBXGroup;
			children = (
				E4173D81206A5BE3005733E9 /* Reminders.app */,
			);
			name = Products;
			sourceTree = "<group>";
		};
		E4173D83206A5BE3005733E9 /* Reminders */ = {
			isa = PBXGroup;
			children = (
				E436E6CC206A66B4009E1D25 /* UI */,
				E436E6C3206A604D009E1D25 /* Entities */,
				E436E6C0206A5FD4009E1D25 /* Redux */,
				E4173D84206A5BE3005733E9 /* AppDelegate.swift */,
				E4173D88206A5BE3005733E9 /* Main.storyboard */,
				E4173D8B206A5BE3005733E9 /* Assets.xcassets */,
				E4173D8D206A5BE3005733E9 /* LaunchScreen.storyboard */,
				E4173D90206A5BE3005733E9 /* Info.plist */,
			);
			path = Reminders;
			sourceTree = "<group>";
		};
		E436E6C0206A5FD4009E1D25 /* Redux */ = {
			isa = PBXGroup;
			children = (
				E436E6C1206A5FE8009E1D25 /* State.swift */,
				E436E6C6206A60E0009E1D25 /* Actions.swift */,
				E436E6C8206A616E009E1D25 /* Reducers.swift */,
			);
			path = Redux;
			sourceTree = "<group>";
		};
		E436E6C3206A604D009E1D25 /* Entities */ = {
			isa = PBXGroup;
			children = (
				E436E6C4206A605B009E1D25 /* Reminder.swift */,
			);
			path = Entities;
			sourceTree = "<group>";
		};
		E436E6CC206A66B4009E1D25 /* UI */ = {
			isa = PBXGroup;
			children = (
				E4173D86206A5BE3005733E9 /* RemindersViewController.swift */,
				E436E6CD206A66EF009E1D25 /* ReminderCell.swift */,
			);
			path = UI;
			sourceTree = "<group>";
		};
/* End PBXGroup section */

/* Begin PBXNativeTarget section */
		E4173D80206A5BE3005733E9 /* Reminders */ = {
			isa = PBXNativeTarget;
			buildConfigurationList = E4173D93206A5BE3005733E9 /* Build configuration list for PBXNativeTarget "Reminders" */;
			buildPhases = (
				BDB524B962AB3F30C354FAD6 /* [CP] Check Pods Manifest.lock */,
				E4173D7D206A5BE3005733E9 /* Sources */,
				E4173D7E206A5BE3005733E9 /* Frameworks */,
				E4173D7F206A5BE3005733E9 /* Resources */,
				7EF8FC88D02FC7301EA12271 /* [CP] Embed Pods Frameworks */,
				95BB5A7FB2DECA07033784EC /* [CP] Copy Pods Resources */,
			);
			buildRules = (
			);
			dependencies = (
			);
			name = Reminders;
			productName = Reminders;
			productReference = E4173D81206A5BE3005733E9 /* Reminders.app */;
			productType = "com.apple.product-type.application";
		};
/* End PBXNativeTarget section */

/* Begin PBXProject section */
		E4173D79206A5BE3005733E9 /* Project object */ = {
			isa = PBXProject;
			attributes = {
				LastSwiftUpdateCheck = 0920;
				LastUpgradeCheck = 0920;
				ORGANIZATIONNAME = "Mihai Damian";
				TargetAttributes = {
					E4173D80206A5BE3005733E9 = {
						CreatedOnToolsVersion = 9.2;
						ProvisioningStyle = Automatic;
					};
				};
			};
			buildConfigurationList = E4173D7C206A5BE3005733E9 /* Build configuration list for PBXProject "Reminders" */;
			compatibilityVersion = "Xcode 8.0";
			developmentRegion = en;
			hasScannedForEncodings = 0;
			knownRegions = (
				en,
				Base,
			);
			mainGroup = E4173D78206A5BE3005733E9;
			productRefGroup = E4173D82206A5BE3005733E9 /* Products */;
			projectDirPath = "";
			projectRoot = "";
			targets = (
				E4173D80206A5BE3005733E9 /* Reminders */,
			);
		};
/* End PBXProject section */

/* Begin PBXResourcesBuildPhase section */
		E4173D7F206A5BE3005733E9 /* Resources */ = {
			isa = PBXResourcesBuildPhase;
			buildActionMask = 2147483647;
			files = (
				E4173D8F206A5BE3005733E9 /* LaunchScreen.storyboard in Resources */,
				E4173D8C206A5BE3005733E9 /* Assets.xcassets in Resources */,
				E4173D8A206A5BE3005733E9 /* Main.storyboard in Resources */,
			);
			runOnlyForDeploymentPostprocessing = 0;
		};
/* End PBXResourcesBuildPhase section */

/* Begin PBXShellScriptBuildPhase section */
		7EF8FC88D02FC7301EA12271 /* [CP] Embed Pods Frameworks */ = {
			isa = PBXShellScriptBuildPhase;
			buildActionMask = 2147483647;
			files = (
			);
			inputPaths = (
				"${SRCROOT}/Pods/Target Support Files/Pods-Reminders/Pods-Reminders-frameworks.sh",
				"${BUILT_PRODUCTS_DIR}/ReSwift/ReSwift.framework",
			);
			name = "[CP] Embed Pods Frameworks";
			outputPaths = (
				"${TARGET_BUILD_DIR}/${FRAMEWORKS_FOLDER_PATH}/ReSwift.framework",
			);
			runOnlyForDeploymentPostprocessing = 0;
			shellPath = /bin/sh;
			shellScript = "\"${SRCROOT}/Pods/Target Support Files/Pods-Reminders/Pods-Reminders-frameworks.sh\"\n";
			showEnvVarsInLog = 0;
		};
		95BB5A7FB2DECA07033784EC /* [CP] Copy Pods Resources */ = {
			isa = PBXShellScriptBuildPhase;
			buildActionMask = 2147483647;
			files = (
			);
			inputPaths = (
			);
			name = "[CP] Copy Pods Resources";
			outputPaths = (
			);
			runOnlyForDeploymentPostprocessing = 0;
			shellPath = /bin/sh;
			shellScript = "\"${SRCROOT}/Pods/Target Support Files/Pods-Reminders/Pods-Reminders-resources.sh\"\n";
			showEnvVarsInLog = 0;
		};
		BDB524B962AB3F30C354FAD6 /* [CP] Check Pods Manifest.lock */ = {
			isa = PBXShellScriptBuildPhase;
			buildActionMask = 2147483647;
			files = (
			);
			inputPaths = (
				"${PODS_PODFILE_DIR_PATH}/Podfile.lock",
				"${PODS_ROOT}/Manifest.lock",
			);
			name = "[CP] Check Pods Manifest.lock";
			outputPaths = (
				"$(DERIVED_FILE_DIR)/Pods-Reminders-checkManifestLockResult.txt",
			);
			runOnlyForDeploymentPostprocessing = 0;
			shellPath = /bin/sh;
			shellScript = "diff \"${PODS_PODFILE_DIR_PATH}/Podfile.lock\" \"${PODS_ROOT}/Manifest.lock\" > /dev/null\nif [ $? != 0 ] ; then\n    # print error to STDERR\n    echo \"error: The sandbox is not in sync with the Podfile.lock. Run 'pod install' or update your CocoaPods installation.\" >&2\n    exit 1\nfi\n# This output is used by Xcode 'outputs' to avoid re-running this script phase.\necho \"SUCCESS\" > \"${SCRIPT_OUTPUT_FILE_0}\"\n";
			showEnvVarsInLog = 0;
		};
/* End PBXShellScriptBuildPhase section */

/* Begin PBXSourcesBuildPhase section */
		E4173D7D206A5BE3005733E9 /* Sources */ = {
			isa = PBXSourcesBuildPhase;
			buildActionMask = 2147483647;
			files = (
				E436E6C9206A616E009E1D25 /* Reducers.swift in Sources */,
				E436E6C7206A60E0009E1D25 /* Actions.swift in Sources */,
				E4173D87206A5BE3005733E9 /* RemindersViewController.swift in Sources */,
				E436E6CE206A66EF009E1D25 /* ReminderCell.swift in Sources */,
				E4173D85206A5BE3005733E9 /* AppDelegate.swift in Sources */,
				E436E6C2206A5FE8009E1D25 /* State.swift in Sources */,
				E436E6C5206A605B009E1D25 /* Reminder.swift in Sources */,
			);
			runOnlyForDeploymentPostprocessing = 0;
		};
/* End PBXSourcesBuildPhase section */

/* Begin PBXVariantGroup section */
		E4173D88206A5BE3005733E9 /* Main.storyboard */ = {
			isa = PBXVariantGroup;
			children = (
				E4173D89206A5BE3005733E9 /* Base */,
			);
			name = Main.storyboard;
			sourceTree = "<group>";
		};
		E4173D8D206A5BE3005733E9 /* LaunchScreen.storyboard */ = {
			isa = PBXVariantGroup;
			children = (
				E4173D8E206A5BE3005733E9 /* Base */,
			);
			name = LaunchScreen.storyboard;
			sourceTree = "<group>";
		};
/* End PBXVariantGroup section */

/* Begin XCBuildConfiguration section */
		E4173D91206A5BE3005733E9 /* Debug */ = {
			isa = XCBuildConfiguration;
			buildSettings = {
				ALWAYS_SEARCH_USER_PATHS = NO;
				CLANG_ANALYZER_NONNULL = YES;
				CLANG_ANALYZER_NUMBER_OBJECT_CONVERSION = YES_AGGRESSIVE;
				CLANG_CXX_LANGUAGE_STANDARD = "gnu++14";
				CLANG_CXX_LIBRARY = "libc++";
				CLANG_ENABLE_MODULES = YES;
				CLANG_ENABLE_OBJC_ARC = YES;
				CLANG_WARN_BLOCK_CAPTURE_AUTORELEASING = YES;
				CLANG_WARN_BOOL_CONVERSION = YES;
				CLANG_WARN_COMMA = YES;
				CLANG_WARN_CONSTANT_CONVERSION = YES;
				CLANG_WARN_DIRECT_OBJC_ISA_USAGE = YES_ERROR;
				CLANG_WARN_DOCUMENTATION_COMMENTS = YES;
				CLANG_WARN_EMPTY_BODY = YES;
				CLANG_WARN_ENUM_CONVERSION = YES;
				CLANG_WARN_INFINITE_RECURSION = YES;
				CLANG_WARN_INT_CONVERSION = YES;
				CLANG_WARN_NON_LITERAL_NULL_CONVERSION = YES;
				CLANG_WARN_OBJC_LITERAL_CONVERSION = YES;
				CLANG_WARN_OBJC_ROOT_CLASS = YES_ERROR;
				CLANG_WARN_RANGE_LOOP_ANALYSIS = YES;
				CLANG_WARN_STRICT_PROTOTYPES = YES;
				CLANG_WARN_SUSPICIOUS_MOVE = YES;
				CLANG_WARN_UNGUARDED_AVAILABILITY = YES_AGGRESSIVE;
				CLANG_WARN_UNREACHABLE_CODE = YES;
				CLANG_WARN__DUPLICATE_METHOD_MATCH = YES;
				CODE_SIGN_IDENTITY = "iPhone Developer";
				COPY_PHASE_STRIP = NO;
				DEBUG_INFORMATION_FORMAT = dwarf;
				ENABLE_STRICT_OBJC_MSGSEND = YES;
				ENABLE_TESTABILITY = YES;
				GCC_C_LANGUAGE_STANDARD = gnu11;
				GCC_DYNAMIC_NO_PIC = NO;
				GCC_NO_COMMON_BLOCKS = YES;
				GCC_OPTIMIZATION_LEVEL = 0;
				GCC_PREPROCESSOR_DEFINITIONS = (
					"DEBUG=1",
					"$(inherited)",
				);
				GCC_WARN_64_TO_32_BIT_CONVERSION = YES;
				GCC_WARN_ABOUT_RETURN_TYPE = YES_ERROR;
				GCC_WARN_UNDECLARED_SELECTOR = YES;
				GCC_WARN_UNINITIALIZED_AUTOS = YES_AGGRESSIVE;
				GCC_WARN_UNUSED_FUNCTION = YES;
				GCC_WARN_UNUSED_VARIABLE = YES;
				IPHONEOS_DEPLOYMENT_TARGET = 11.2;
				MTL_ENABLE_DEBUG_INFO = YES;
				ONLY_ACTIVE_ARCH = YES;
				SDKROOT = iphoneos;
				SWIFT_ACTIVE_COMPILATION_CONDITIONS = DEBUG;
				SWIFT_OPTIMIZATION_LEVEL = "-Onone";
			};
			name = Debug;
		};
		E4173D92206A5BE3005733E9 /* Release */ = {
			isa = XCBuildConfiguration;
			buildSettings = {
				ALWAYS_SEARCH_USER_PATHS = NO;
				CLANG_ANALYZER_NONNULL = YES;
				CLANG_ANALYZER_NUMBER_OBJECT_CONVERSION = YES_AGGRESSIVE;
				CLANG_CXX_LANGUAGE_STANDARD = "gnu++14";
				CLANG_CXX_LIBRARY = "libc++";
				CLANG_ENABLE_MODULES = YES;
				CLANG_ENABLE_OBJC_ARC = YES;
				CLANG_WARN_BLOCK_CAPTURE_AUTORELEASING = YES;
				CLANG_WARN_BOOL_CONVERSION = YES;
				CLANG_WARN_COMMA = YES;
				CLANG_WARN_CONSTANT_CONVERSION = YES;
				CLANG_WARN_DIRECT_OBJC_ISA_USAGE = YES_ERROR;
				CLANG_WARN_DOCUMENTATION_COMMENTS = YES;
				CLANG_WARN_EMPTY_BODY = YES;
				CLANG_WARN_ENUM_CONVERSION = YES;
				CLANG_WARN_INFINITE_RECURSION = YES;
				CLANG_WARN_INT_CONVERSION = YES;
				CLANG_WARN_NON_LITERAL_NULL_CONVERSION = YES;
				CLANG_WARN_OBJC_LITERAL_CONVERSION = YES;
				CLANG_WARN_OBJC_ROOT_CLASS = YES_ERROR;
				CLANG_WARN_RANGE_LOOP_ANALYSIS = YES;
				CLANG_WARN_STRICT_PROTOTYPES = YES;
				CLANG_WARN_SUSPICIOUS_MOVE = YES;
				CLANG_WARN_UNGUARDED_AVAILABILITY = YES_AGGRESSIVE;
				CLANG_WARN_UNREACHABLE_CODE = YES;
				CLANG_WARN__DUPLICATE_METHOD_MATCH = YES;
				CODE_SIGN_IDENTITY = "iPhone Developer";
				COPY_PHASE_STRIP = NO;
				DEBUG_INFORMATION_FORMAT = "dwarf-with-dsym";
				ENABLE_NS_ASSERTIONS = NO;
				ENABLE_STRICT_OBJC_MSGSEND = YES;
				GCC_C_LANGUAGE_STANDARD = gnu11;
				GCC_NO_COMMON_BLOCKS = YES;
				GCC_WARN_64_TO_32_BIT_CONVERSION = YES;
				GCC_WARN_ABOUT_RETURN_TYPE = YES_ERROR;
				GCC_WARN_UNDECLARED_SELECTOR = YES;
				GCC_WARN_UNINITIALIZED_AUTOS = YES_AGGRESSIVE;
				GCC_WARN_UNUSED_FUNCTION = YES;
				GCC_WARN_UNUSED_VARIABLE = YES;
				IPHONEOS_DEPLOYMENT_TARGET = 11.2;
				MTL_ENABLE_DEBUG_INFO = NO;
				SDKROOT = iphoneos;
				SWIFT_OPTIMIZATION_LEVEL = "-Owholemodule";
				VALIDATE_PRODUCT = YES;
			};
			name = Release;
		};
		E4173D94206A5BE3005733E9 /* Debug */ = {
			isa = XCBuildConfiguration;
			baseConfigurationReference = CB92A4E388FC293DA218D965 /* Pods-Reminders.debug.xcconfig */;
			buildSettings = {
				ASSETCATALOG_COMPILER_APPICON_NAME = AppIcon;
				CODE_SIGN_STYLE = Automatic;
				DEVELOPMENT_TEAM = NMJMG25AKA;
				INFOPLIST_FILE = Reminders/Info.plist;
				LD_RUNPATH_SEARCH_PATHS = "$(inherited) @executable_path/Frameworks";
				PRODUCT_BUNDLE_IDENTIFIER = mihaidamian.Reminders;
				PRODUCT_NAME = "$(TARGET_NAME)";
				SWIFT_VERSION = 4.0;
				TARGETED_DEVICE_FAMILY = "1,2";
			};
			name = Debug;
		};
		E4173D95206A5BE3005733E9 /* Release */ = {
			isa = XCBuildConfiguration;
			baseConfigurationReference = 1FE8C45E2FCF6FA92B176D37 /* Pods-Reminders.release.xcconfig */;
			buildSettings = {
				ASSETCATALOG_COMPILER_APPICON_NAME = AppIcon;
				CODE_SIGN_STYLE = Automatic;
				DEVELOPMENT_TEAM = NMJMG25AKA;
				INFOPLIST_FILE = Reminders/Info.plist;
				LD_RUNPATH_SEARCH_PATHS = "$(inherited) @executable_path/Frameworks";
				PRODUCT_BUNDLE_IDENTIFIER = mihaidamian.Reminders;
				PRODUCT_NAME = "$(TARGET_NAME)";
				SWIFT_VERSION = 4.0;
				TARGETED_DEVICE_FAMILY = "1,2";
			};
			name = Release;
		};
/* End XCBuildConfiguration section */

/* Begin XCConfigurationList section */
		E4173D7C206A5BE3005733E9 /* Build configuration list for PBXProject "Reminders" */ = {
			isa = XCConfigurationList;
			buildConfigurations = (
				E4173D91206A5BE3005733E9 /* Debug */,
				E4173D92206A5BE3005733E9 /* Release */,
			);
			defaultConfigurationIsVisible = 0;
			defaultConfigurationName = Release;
		};
		E4173D93206A5BE3005733E9 /* Build configuration list for PBXNativeTarget "Reminders" */ = {
			isa = XCConfigurationList;
			buildConfigurations = (
				E4173D94206A5BE3005733E9 /* Debug */,
				E4173D95206A5BE3005733E9 /* Release */,
			);
			defaultConfigurationIsVisible = 0;
			defaultConfigurationName = Release;
		};
/* End XCConfigurationList section */
	};
	rootObject = E4173D79206A5BE3005733E9 /* Project object */;
}
